
Microsoft Visual Studio Solution File, Format Version 12.00
# Visual Studio 15
Project("{FAE04EC0-301F-11D3-BF4B-00C04F79EFBC}") = "Themer.Android", "Themer.Android\Themer.Android.csproj", "{9EF5CFB7-5DEA-4071-BC53-B2A535CD166E}"
EndProject
Project("{FAE04EC0-301F-11D3-BF4B-00C04F79EFBC}") = "Themer.iOS", "Themer.iOS\Themer.iOS.csproj", "{DD36D337-C56A-4B31-83DF-9319D0ADBC13}"
EndProject
Project("{FAE04EC0-301F-11D3-BF4B-00C04F79EFBC}") = "Themer", "Themer\Themer.csproj", "{F55D03A1-EEB3-4EBD-8C2B-E17EA06687D4}"
EndProject
Global
	GlobalSection(SolutionConfigurationPlatforms) = preSolution
		Debug|Any CPU = Debug|Any CPU
		Release|Any CPU = Release|Any CPU
		Debug|iPhoneSimulator = Debug|iPhoneSimulator
		Release|iPhoneSimulator = Release|iPhoneSimulator
		Debug|iPhone = Debug|iPhone
		Release|iPhone = Release|iPhone
	EndGlobalSection
	GlobalSection(ProjectConfigurationPlatforms) = postSolution
		{9EF5CFB7-5DEA-4071-BC53-B2A535CD166E}.Debug|Any CPU.ActiveCfg = Debug|Any CPU
		{9EF5CFB7-5DEA-4071-BC53-B2A535CD166E}.Debug|Any CPU.Build.0 = Debug|Any CPU
		{9EF5CFB7-5DEA-4071-BC53-B2A535CD166E}.Release|Any CPU.ActiveCfg = Release|Any CPU
		{9EF5CFB7-5DEA-4071-BC53-B2A535CD166E}.Release|Any CPU.Build.0 = Release|Any CPU
		{9EF5CFB7-5DEA-4071-BC53-B2A535CD166E}.Debug|iPhoneSimulator.ActiveCfg = Debug|Any CPU
		{9EF5CFB7-5DEA-4071-BC53-B2A535CD166E}.Debug|iPhoneSimulator.Build.0 = Debug|Any CPU
		{9EF5CFB7-5DEA-4071-BC53-B2A535CD166E}.Release|iPhoneSimulator.ActiveCfg = Release|Any CPU
		{9EF5CFB7-5DEA-4071-BC53-B2A535CD166E}.Release|iPhoneSimulator.Build.0 = Release|Any CPU
		{9EF5CFB7-5DEA-4071-BC53-B2A535CD166E}.Debug|iPhone.ActiveCfg = Debug|Any CPU
		{9EF5CFB7-5DEA-4071-BC53-B2A535CD166E}.Debug|iPhone.Build.0 = Debug|Any CPU
		{9EF5CFB7-5DEA-4071-BC53-B2A535CD166E}.Release|iPhone.ActiveCfg = Release|Any CPU
		{9EF5CFB7-5DEA-4071-BC53-B2A535CD166E}.Release|iPhone.Build.0 = Release|Any CPU
		{DD36D337-C56A-4B31-83DF-9319D0ADBC13}.Debug|Any CPU.ActiveCfg = Debug|iPhoneSimulator
		{DD36D337-C56A-4B31-83DF-9319D0ADBC13}.Debug|Any CPU.Build.0 = Debug|iPhoneSimulator
		{DD36D337-C56A-4B31-83DF-9319D0ADBC13}.Release|Any CPU.ActiveCfg = Release|iPhoneSimulator
		{DD36D337-C56A-4B31-83DF-9319D0ADBC13}.Release|Any CPU.Build.0 = Release|iPhoneSimulator
		{DD36D337-C56A-4B31-83DF-9319D0ADBC13}.Debug|iPhoneSimulator.ActiveCfg = Debug|iPhoneSimulator
		{DD36D337-C56A-4B31-83DF-9319D0ADBC13}.Debug|iPhoneSimulator.Build.0 = Debug|iPhoneSimulator
		{DD36D337-C56A-4B31-83DF-9319D0ADBC13}.Release|iPhoneSimulator.ActiveCfg = Release|iPhoneSimulator
		{DD36D337-C56A-4B31-83DF-9319D0ADBC13}.Release|iPhoneSimulator.Build.0 = Release|iPhoneSimulator
		{DD36D337-C56A-4B31-83DF-9319D0ADBC13}.Debug|iPhone.ActiveCfg = Debug|iPhone
		{DD36D337-C56A-4B31-83DF-9319D0ADBC13}.Debug|iPhone.Build.0 = Debug|iPhone
		{DD36D337-C56A-4B31-83DF-9319D0ADBC13}.Release|iPhone.ActiveCfg = Release|iPhone
		{DD36D337-C56A-4B31-83DF-9319D0ADBC13}.Release|iPhone.Build.0 = Release|iPhone
		{F55D03A1-EEB3-4EBD-8C2B-E17EA06687D4}.Debug|Any CPU.ActiveCfg = Debug|Any CPU
		{F55D03A1-EEB3-4EBD-8C2B-E17EA06687D4}.Debug|Any CPU.Build.0 = Debug|Any CPU
		{F55D03A1-EEB3-4EBD-8C2B-E17EA06687D4}.Release|Any CPU.ActiveCfg = Release|Any CPU
		{F55D03A1-EEB3-4EBD-8C2B-E17EA06687D4}.Release|Any CPU.Build.0 = Release|Any CPU
		{F55D03A1-EEB3-4EBD-8C2B-E17EA06687D4}.Debug|iPhoneSimulator.ActiveCfg = Debug|Any CPU
		{F55D03A1-EEB3-4EBD-8C2B-E17EA06687D4}.Debug|iPhoneSimulator.Build.0 = Debug|Any CPU
		{F55D03A1-EEB3-4EBD-8C2B-E17EA06687D4}.Release|iPhoneSimulator.ActiveCfg = Release|Any CPU
		{F55D03A1-EEB3-4EBD-8C2B-E17EA06687D4}.Release|iPhoneSimulator.Build.0 = Release|Any CPU
		{F55D03A1-EEB3-4EBD-8C2B-E17EA06687D4}.Debug|iPhone.ActiveCfg = Debug|Any CPU
		{F55D03A1-EEB3-4EBD-8C2B-E17EA06687D4}.Debug|iPhone.Build.0 = Debug|Any CPU
		{F55D03A1-EEB3-4EBD-8C2B-E17EA06687D4}.Release|iPhone.ActiveCfg = Release|Any CPU
		{F55D03A1-EEB3-4EBD-8C2B-E17EA06687D4}.Release|iPhone.Build.0 = Release|Any CPU
	EndGlobalSection
EndGlobal
